
Microsoft Visual Studio Solution File, Format Version 12.00
# Visual Studio Version 17
VisualStudioVersion = 17.8.34511.84
MinimumVisualStudioVersion = 10.0.40219.1
Project("{FAE04EC0-301F-11D3-BF4B-00C04F79EFBC}") = "WorkToolbox", "WorkToolbox.csproj", "{32F988B0-2803-45E7-86E5-431A8A61D752}"
EndProject
Global
	GlobalSection(SolutionConfigurationPlatforms) = preSolution
		Debug|Any CPU = Debug|Any CPU
		Release|Any CPU = Release|Any CPU
	EndGlobalSection
	GlobalSection(ProjectConfigurationPlatforms) = postSolution
		{32F988B0-2803-45E7-86E5-431A8A61D752}.Debug|Any CPU.ActiveCfg = Debug|Any CPU
		{32F988B0-2803-45E7-86E5-431A8A61D752}.Debug|Any CPU.Build.0 = Debug|Any CPU
		{32F988B0-2803-45E7-86E5-431A8A61D752}.Release|Any CPU.ActiveCfg = Release|Any CPU
		{32F988B0-2803-45E7-86E5-431A8A61D752}.Release|Any CPU.Build.0 = Release|Any CPU
	EndGlobalSection
	GlobalSection(SolutionProperties) = preSolution
		HideSolutionNode = FALSE
	EndGlobalSection
	GlobalSection(ExtensibilityGlobals) = postSolution
		SolutionGuid = {A4B12BB9-4A3B-43B9-80DF-9768635878DB}
	EndGlobalSection
EndGlobal
